<?xml version="1.0" encoding="utf-8"?>
<Project ToolsVersion="4.0" xmlns="http://schemas.microsoft.com/developer/msbuild/2003">
  <ItemGroup>
    <Filter Include="src">
      <UniqueIdentifier>{93995380-89BD-4b04-88EB-625FBE52EBFB}</UniqueIdentifier>
      <Extensions>h;hh;hpp;hxx;h++;hm;inl;inc;ipp;xsd</Extensions>
    </Filter>
    <Filter Include="src\algo">
      <UniqueIdentifier>{ea0ee663-0fee-4ddb-ade4-3be9a37b5f34}</UniqueIdentifier>
    </Filter>
    <Filter Include="src\container">
      <UniqueIdentifier>{b250d587-192f-4dc0-9914-ad6f27755c48}</UniqueIdentifier>
    </Filter>
    <Filter Include="src\util">
      <UniqueIdentifier>{7dd39800-ac0c-4a32-99c6-557b20d1a338}</UniqueIdentifier>
    </Filter>
    <Filter Include="src\container\sequence_containers">
      <UniqueIdentifier>{fc20f091-b759-45b0-a502-b825b4acb5ba}</UniqueIdentifier>
    </Filter>
    <Filter Include="src\container\container_adaptors">
      <UniqueIdentifier>{084ff73f-99b5-476b-bc15-52aed553d116}</UniqueIdentifier>
    </Filter>
    <Filter Include="src\container\associative_containers">
      <UniqueIdentifier>{1936bb7e-6b08-4b72-a306-b6e3f26daf17}</UniqueIdentifier>
    </Filter>
    <Filter Include="src\container\unordered_associative_containers">
      <UniqueIdentifier>{2608cce4-8abb-44c4-b96e-c37960909b7e}</UniqueIdentifier>
    </Filter>
  </ItemGroup>
  <ItemGroup>
    <ClInclude Include="..\..\src\algorithm.h">
      <Filter>src\algo</Filter>
    </ClInclude>
    <ClInclude Include="..\..\src\no_modifying_seq_operations.h">
      <Filter>src\algo</Filter>
    </ClInclude>
    <ClInclude Include="..\..\src\allocator.h">
      <Filter>src\util</Filter>
    </ClInclude>
    <ClInclude Include="..\..\src\array.h">
      <Filter>src\container\sequence_containers</Filter>
    </ClInclude>
    <ClInclude Include="..\..\src\vector.h">
      <Filter>src\container\sequence_containers</Filter>
    </ClInclude>
    <ClInclude Include="..\..\src\forward_list.h">
      <Filter>src\container\sequence_containers</Filter>
    </ClInclude>
    <ClInclude Include="..\..\src\deque.h">
      <Filter>src\container\sequence_containers</Filter>
    </ClInclude>
    <ClInclude Include="..\..\src\list.h">
      <Filter>src\container\sequence_containers</Filter>
    </ClInclude>
    <ClInclude Include="..\..\src\queue.h">
      <Filter>src\container\container_adaptors</Filter>
    </ClInclude>
    <ClInclude Include="..\..\src\stack.h">
      <Filter>src\container\container_adaptors</Filter>
    </ClInclude>
    <ClInclude Include="..\..\src\set.h">
      <Filter>src\container\associative_containers</Filter>
    </ClInclude>
    <ClInclude Include="..\..\src\map.h">
      <Filter>src\container\associative_containers</Filter>
    </ClInclude>
    <ClInclude Include="..\..\src\unorderd_map.h">
      <Filter>src\container\unordered_associative_containers</Filter>
    </ClInclude>
    <ClInclude Include="..\..\src\unordered_set.h">
      <Filter>src\container\unordered_associative_containers</Filter>
    </ClInclude>
    <ClInclude Include="..\..\src\hashmap.h">
      <Filter>src\util</Filter>
    </ClInclude>
    <ClInclude Include="..\..\src\rb_tree.h">
      <Filter>src\util</Filter>
    </ClInclude>
  </ItemGroup>
</Project>